
Microsoft Visual Studio Solution File, Format Version 12.00
# Visual Studio Version 17
VisualStudioVersion = 17.8.34330.188
MinimumVisualStudioVersion = 10.0.40219.1
Project("{888888A0-9F3D-457C-B088-3A5042F75D52}") = "Learning", "Learning.pyproj", "{CA07EC76-0D0B-499A-9D66-1F048CB02276}"
EndProject
Project("{2150E333-8FDC-42A3-9474-1A3956D46DE8}") = "Solution Items", "Solution Items", "{E9D8E02D-1241-44DA-A4B3-F98D0CD63EA7}"
EndProject
Global
	GlobalSection(SolutionConfigurationPlatforms) = preSolution
		Debug|Any CPU = Debug|Any CPU
		Release|Any CPU = Release|Any CPU
	EndGlobalSection
	GlobalSection(ProjectConfigurationPlatforms) = postSolution
		{CA07EC76-0D0B-499A-9D66-1F048CB02276}.Debug|Any CPU.ActiveCfg = Debug|Any CPU
		{CA07EC76-0D0B-499A-9D66-1F048CB02276}.Release|Any CPU.ActiveCfg = Release|Any CPU
	EndGlobalSection
	GlobalSection(SolutionProperties) = preSolution
		HideSolutionNode = FALSE
	EndGlobalSection
	GlobalSection(ExtensibilityGlobals) = postSolution
		SolutionGuid = {1B5F36BC-BCD1-42EE-ACBC-30CB2E1AAED1}
	EndGlobalSection
EndGlobal
